# THIS IS AN AUTOGENERATED FILE. DO NOT EDIT THIS FILE DIRECTLY.
# yarn lockfile v1


autocorrect-node-darwin-arm64@2.8.2:
  version "2.8.2"
  resolved "https://registry.yarnpkg.com/autocorrect-node-darwin-arm64/-/autocorrect-node-darwin-arm64-2.8.2.tgz#bdc7c1afc74f914cb153b1e760612a1dc62e5638"
  integrity sha512-j1n4YxB8fJRup8LxG0SiiNLwe/iE7GsLUFk30G31N/GgXdGac6/BDzOudcdIAw/kbkjwGXcZAefOTKY7jBtz0w==

autocorrect-node-darwin-x64@2.8.2:
  version "2.8.2"
  resolved "https://registry.yarnpkg.com/autocorrect-node-darwin-x64/-/autocorrect-node-darwin-x64-2.8.2.tgz#907c0cd88e0e6940fb8445b903446c8296fd7d72"
  integrity sha512-0vUG6FEv3cCXkSIi9YJVxQKzqcW3XLgkgfeIhU0e3LGxSzAjZfnzTrGFqgT8rtdIQfPfAhv6Zr/NMryn7JHNZA==

autocorrect-node-linux-x64-gnu@2.8.2:
  version "2.8.2"
  resolved "https://registry.yarnpkg.com/autocorrect-node-linux-x64-gnu/-/autocorrect-node-linux-x64-gnu-2.8.2.tgz#8d8a323ea8d9aad798ce0a8b64251198a258fdb6"
  integrity sha512-C6DGiI1FAcT2HdXsDepmTXQrP0UlOuoL5iaXiPU3Gf5IYW7aZ1i6tQJl7BKxoNEMylLBk4MzgOXGC3PlU8KXSw==

autocorrect-node-linux-x64-musl@2.8.2:
  version "2.8.2"
  resolved "https://registry.yarnpkg.com/autocorrect-node-linux-x64-musl/-/autocorrect-node-linux-x64-musl-2.8.2.tgz#2f66c800dadb2cc3f6364231b88a073848ca7737"
  integrity sha512-yecATTAr6s1HMHwkjHhTJ0XJJ7eWIDO3Cl1Tni96+tud4EchitH/l7gJMzKhoHPol3CoVU4OqD4znTCVmMKefQ==

autocorrect-node-win32-x64-msvc@2.8.2:
  version "2.8.2"
  resolved "https://registry.yarnpkg.com/autocorrect-node-win32-x64-msvc/-/autocorrect-node-win32-x64-msvc-2.8.2.tgz#c5333c44df9b8bbe2759bbd9563c2af908800136"
  integrity sha512-ducpVdVVbqFymdW6ViZeVtVDXgizkbgY+xY6hv26yrLjBmvlBEwMVhxoEhsMkhkwxdG3npL3r80qb+TuKtR0Yw==

autocorrect-node@^2.8.2:
  version "2.8.2"
  resolved "https://registry.yarnpkg.com/autocorrect-node/-/autocorrect-node-2.8.2.tgz#7e3b4acd3332a718e9809abe9fe5bae1670737db"
  integrity sha512-2DY+9135keJ66u+GetRDXB4OuW8YXoGZNKSZ/wennsvdfJ26etFZYXeHWwdBo2WBXfHw7JWBZQMhdU1IHDP+eA==
  optionalDependencies:
    autocorrect-node-darwin-arm64 "2.8.2"
    autocorrect-node-darwin-x64 "2.8.2"
    autocorrect-node-linux-x64-gnu "2.8.2"
    autocorrect-node-linux-x64-musl "2.8.2"
    autocorrect-node-win32-x64-msvc "2.8.2"
