# THIS IS AN AUTOGENERATED FILE. DO NOT EDIT THIS FILE DIRECTLY.
# yarn lockfile v1


autocorrect-node-darwin-arm64@2.8.0:
  version "2.8.0"
  resolved "https://registry.yarnpkg.com/autocorrect-node-darwin-arm64/-/autocorrect-node-darwin-arm64-2.8.0.tgz#00e86bc52b2e84451a674b7ac4efd0dcdee4654e"
  integrity sha512-srSkfeEUgk+rUcMfppMyPrK9SFgygIxsxoxUFlCmPcwuIrosbZ3OybDGPeU0eAgPOll5fbYMXrY3mdgKWpSWEQ==

autocorrect-node-darwin-x64@2.8.0:
  version "2.8.0"
  resolved "https://registry.yarnpkg.com/autocorrect-node-darwin-x64/-/autocorrect-node-darwin-x64-2.8.0.tgz#5806bac0873acbc5f9eae741832f183d2d2f7f77"
  integrity sha512-bpjhnIGLV2QzQEerrNjTud9cxDcoAdjTgwKKHsr9yLoaHmbJW4wEUyM+zO0Z4ELB6LN0e9aj50n0+3mwS0kKXA==

autocorrect-node-linux-x64-gnu@2.8.0:
  version "2.8.0"
  resolved "https://registry.yarnpkg.com/autocorrect-node-linux-x64-gnu/-/autocorrect-node-linux-x64-gnu-2.8.0.tgz#57b0c7daae6d3c7c822f84508dc38183498248b7"
  integrity sha512-dAQB9CaFqC5rp+pTJTR/IFafTvMfDoHwQhvjoJjsyDLZhFpnQ5NeALmfl8FsfjTeEHd/ZUDqqIbMeoS7BfmIAQ==

autocorrect-node-win32-x64-msvc@2.8.0:
  version "2.8.0"
  resolved "https://registry.yarnpkg.com/autocorrect-node-win32-x64-msvc/-/autocorrect-node-win32-x64-msvc-2.8.0.tgz#32f7cb5908a3110b1048bb820b4e54a217e43825"
  integrity sha512-nlyPSb1oU2B/JCrmLKFOu7tr+0NJDKtngIT612tA90OmmqP+7CpGpyE9zTFALYaQMDgT89BvdOUESgUpE/NBVg==

autocorrect-node@^2.8.0:
  version "2.8.0"
  resolved "https://registry.yarnpkg.com/autocorrect-node/-/autocorrect-node-2.8.0.tgz#e9e93ddd3bd4faadd8c6f1f21edf63dbddcc1dc4"
  integrity sha512-McFLk0LtT3p1oVsbsQ9neD+R7MU2fnQQZ89zCW79G8Ma4V3pBtgy5OxYR6QX5IIpyai4nY6r87sV55EuIKYH6Q==
  optionalDependencies:
    autocorrect-node-darwin-arm64 "2.8.0"
    autocorrect-node-darwin-x64 "2.8.0"
    autocorrect-node-linux-x64-gnu "2.8.0"
    autocorrect-node-win32-x64-msvc "2.8.0"
